
Microsoft Visual Studio Solution File, Format Version 12.00
# Visual Studio Version 17
VisualStudioVersion = 17.12.35514.174
MinimumVisualStudioVersion = 10.0.40219.1
Project("{FAE04EC0-301F-11D3-BF4B-00C04F79EFBC}") = "Calabria", "Calabria\Calabria.csproj", "{5F3DF53F-EB75-458C-B6A6-BF78FC4CC98E}"
EndProject
Project("{FAE04EC0-301F-11D3-BF4B-00C04F79EFBC}") = "Calabria.Models", "Calabria.Models\Calabria.Models.csproj", "{E7D07CBA-D537-4176-BE9D-D4307F91ECC5}"
EndProject
Project("{FAE04EC0-301F-11D3-BF4B-00C04F79EFBC}") = "Calabria.Base", "Calabria.Base\Calabria.Base.csproj", "{042BBB19-F6A8-4CB7-9289-ECF1F839D4F7}"
EndProject
Project("{FAE04EC0-301F-11D3-BF4B-00C04F79EFBC}") = "Calabria.Services", "Calabria.Services\Calabria.Services.csproj", "{C4D82F55-FCF7-4E64-9BFB-994918C890E0}"
EndProject
Global
	GlobalSection(SolutionConfigurationPlatforms) = preSolution
		Debug|Any CPU = Debug|Any CPU
		Release|Any CPU = Release|Any CPU
	EndGlobalSection
	GlobalSection(ProjectConfigurationPlatforms) = postSolution
		{5F3DF53F-EB75-458C-B6A6-BF78FC4CC98E}.Debug|Any CPU.ActiveCfg = Debug|Any CPU
		{5F3DF53F-EB75-458C-B6A6-BF78FC4CC98E}.Debug|Any CPU.Build.0 = Debug|Any CPU
		{5F3DF53F-EB75-458C-B6A6-BF78FC4CC98E}.Release|Any CPU.ActiveCfg = Release|Any CPU
		{5F3DF53F-EB75-458C-B6A6-BF78FC4CC98E}.Release|Any CPU.Build.0 = Release|Any CPU
		{E7D07CBA-D537-4176-BE9D-D4307F91ECC5}.Debug|Any CPU.ActiveCfg = Debug|Any CPU
		{E7D07CBA-D537-4176-BE9D-D4307F91ECC5}.Debug|Any CPU.Build.0 = Debug|Any CPU
		{E7D07CBA-D537-4176-BE9D-D4307F91ECC5}.Release|Any CPU.ActiveCfg = Release|Any CPU
		{E7D07CBA-D537-4176-BE9D-D4307F91ECC5}.Release|Any CPU.Build.0 = Release|Any CPU
		{042BBB19-F6A8-4CB7-9289-ECF1F839D4F7}.Debug|Any CPU.ActiveCfg = Debug|Any CPU
		{042BBB19-F6A8-4CB7-9289-ECF1F839D4F7}.Debug|Any CPU.Build.0 = Debug|Any CPU
		{042BBB19-F6A8-4CB7-9289-ECF1F839D4F7}.Release|Any CPU.ActiveCfg = Release|Any CPU
		{042BBB19-F6A8-4CB7-9289-ECF1F839D4F7}.Release|Any CPU.Build.0 = Release|Any CPU
		{C4D82F55-FCF7-4E64-9BFB-994918C890E0}.Debug|Any CPU.ActiveCfg = Debug|Any CPU
		{C4D82F55-FCF7-4E64-9BFB-994918C890E0}.Debug|Any CPU.Build.0 = Debug|Any CPU
		{C4D82F55-FCF7-4E64-9BFB-994918C890E0}.Release|Any CPU.ActiveCfg = Release|Any CPU
		{C4D82F55-FCF7-4E64-9BFB-994918C890E0}.Release|Any CPU.Build.0 = Release|Any CPU
	EndGlobalSection
	GlobalSection(SolutionProperties) = preSolution
		HideSolutionNode = FALSE
	EndGlobalSection
EndGlobal
